
Microsoft Visual Studio Solution File, Format Version 11.00
# Visual Web Developer Express 2010
Project("{FAE04EC0-301F-11D3-BF4B-00C04F79EFBC}") = "Project", "Project\Project.csproj", "{178F68B7-3D0D-4550-8482-81DEB4C8048B}"
EndProject
Global
	GlobalSection(SolutionConfigurationPlatforms) = preSolution
		Debug|Any CPU = Debug|Any CPU
		Release|Any CPU = Release|Any CPU
	EndGlobalSection
	GlobalSection(ProjectConfigurationPlatforms) = postSolution
		{178F68B7-3D0D-4550-8482-81DEB4C8048B}.Debug|Any CPU.ActiveCfg = Debug|Any CPU
		{178F68B7-3D0D-4550-8482-81DEB4C8048B}.Debug|Any CPU.Build.0 = Debug|Any CPU
		{178F68B7-3D0D-4550-8482-81DEB4C8048B}.Release|Any CPU.ActiveCfg = Release|Any CPU
		{178F68B7-3D0D-4550-8482-81DEB4C8048B}.Release|Any CPU.Build.0 = Release|Any CPU
	EndGlobalSection
	GlobalSection(SolutionProperties) = preSolution
		HideSolutionNode = FALSE
	EndGlobalSection
EndGlobal
